
Microsoft Visual Studio Solution File, Format Version 12.00
# Visual Studio 15
Project("{FAE04EC0-301F-11D3-BF4B-00C04F79EFBC}") = "Assembly-CSharp", "Assembly-CSharp.csproj", "{BC483515-5922-F1C9-D7CE-ED1B31D65DBD}"
EndProject
Project("{FAE04EC0-301F-11D3-BF4B-00C04F79EFBC}") = "Mirror", "Mirror.csproj", "{A7E90776-7A59-0047-F769-84CE84513151}"
EndProject
Project("{FAE04EC0-301F-11D3-BF4B-00C04F79EFBC}") = "Telepathy", "Telepathy.csproj", "{42A6ADFB-8812-850D-F865-080E7EA85B29}"
EndProject
Project("{FAE04EC0-301F-11D3-BF4B-00C04F79EFBC}") = "Mirror.Websocket", "Mirror.Websocket.csproj", "{D3B291F1-8C68-5AAB-41B8-CB1D193BD1D5}"
EndProject
Project("{FAE04EC0-301F-11D3-BF4B-00C04F79EFBC}") = "Mirror.Cloud", "Mirror.Cloud.csproj", "{F7BCA3DD-3793-4B71-9700-1DAA1A5112F6}"
EndProject
Project("{FAE04EC0-301F-11D3-BF4B-00C04F79EFBC}") = "Mirror.Components", "Mirror.Components.csproj", "{A2BA4205-1607-58D2-5DF4-CEFA361DA15B}"
EndProject
Project("{FAE04EC0-301F-11D3-BF4B-00C04F79EFBC}") = "Ninja.WebSockets", "Ninja.WebSockets.csproj", "{3526256B-7C20-3100-E6FD-095BA957B616}"
EndProject
Project("{FAE04EC0-301F-11D3-BF4B-00C04F79EFBC}") = "Mirror.Examples", "Mirror.Examples.csproj", "{977CAFF6-7351-94E1-A9AE-B3420C712027}"
EndProject
Project("{FAE04EC0-301F-11D3-BF4B-00C04F79EFBC}") = "Mirror.Examples.Cloud.GUI", "Mirror.Examples.Cloud.GUI.csproj", "{397066A0-BCF0-37D0-8604-EF65E44DB596}"
EndProject
Project("{FAE04EC0-301F-11D3-BF4B-00C04F79EFBC}") = "Mirror.Examples.Cloud.Pong", "Mirror.Examples.Cloud.Pong.csproj", "{5034D5E6-2E44-6F04-8492-83BFE4CD205E}"
EndProject
Project("{FAE04EC0-301F-11D3-BF4B-00C04F79EFBC}") = "Mirror.Authenticators", "Mirror.Authenticators.csproj", "{AA74EF3F-3490-BEE0-CB40-E2A6FF4ED810}"
EndProject
Project("{FAE04EC0-301F-11D3-BF4B-00C04F79EFBC}") = "Mirror.example.RigidbodyPhysics", "Mirror.example.RigidbodyPhysics.csproj", "{46F14F6F-A54E-06A1-3908-78E0D47F9148}"
EndProject
Project("{FAE04EC0-301F-11D3-BF4B-00C04F79EFBC}") = "Mirror.Weaver", "Mirror.Weaver.csproj", "{7EC0DA71-42B0-07A8-6BC5-E7B994702902}"
EndProject
Project("{FAE04EC0-301F-11D3-BF4B-00C04F79EFBC}") = "Mirror.Editor", "Mirror.Editor.csproj", "{BCA0E8C5-2DC7-B49A-A851-F6641E9E0530}"
EndProject
Project("{FAE04EC0-301F-11D3-BF4B-00C04F79EFBC}") = "Assembly-CSharp-Editor", "Assembly-CSharp-Editor.csproj", "{65B225F2-99E9-D02D-5B65-5FC8634831BB}"
EndProject
Project("{FAE04EC0-301F-11D3-BF4B-00C04F79EFBC}") = "Mirror.CompilerSymbols", "Mirror.CompilerSymbols.csproj", "{95EF298C-A52E-273A-2BD1-EDD4BA1B57FE}"
EndProject
Global
	GlobalSection(SolutionConfigurationPlatforms) = preSolution
		Debug|Any CPU = Debug|Any CPU
		Release|Any CPU = Release|Any CPU
	EndGlobalSection
	GlobalSection(ProjectConfigurationPlatforms) = postSolution
		{BC483515-5922-F1C9-D7CE-ED1B31D65DBD}.Debug|Any CPU.ActiveCfg = Debug|Any CPU
		{BC483515-5922-F1C9-D7CE-ED1B31D65DBD}.Debug|Any CPU.Build.0 = Debug|Any CPU
		{BC483515-5922-F1C9-D7CE-ED1B31D65DBD}.Release|Any CPU.ActiveCfg = Release|Any CPU
		{BC483515-5922-F1C9-D7CE-ED1B31D65DBD}.Release|Any CPU.Build.0 = Release|Any CPU
		{A7E90776-7A59-0047-F769-84CE84513151}.Debug|Any CPU.ActiveCfg = Debug|Any CPU
		{A7E90776-7A59-0047-F769-84CE84513151}.Debug|Any CPU.Build.0 = Debug|Any CPU
		{A7E90776-7A59-0047-F769-84CE84513151}.Release|Any CPU.ActiveCfg = Release|Any CPU
		{A7E90776-7A59-0047-F769-84CE84513151}.Release|Any CPU.Build.0 = Release|Any CPU
		{42A6ADFB-8812-850D-F865-080E7EA85B29}.Debug|Any CPU.ActiveCfg = Debug|Any CPU
		{42A6ADFB-8812-850D-F865-080E7EA85B29}.Debug|Any CPU.Build.0 = Debug|Any CPU
		{42A6ADFB-8812-850D-F865-080E7EA85B29}.Release|Any CPU.ActiveCfg = Release|Any CPU
		{42A6ADFB-8812-850D-F865-080E7EA85B29}.Release|Any CPU.Build.0 = Release|Any CPU
		{D3B291F1-8C68-5AAB-41B8-CB1D193BD1D5}.Debug|Any CPU.ActiveCfg = Debug|Any CPU
		{D3B291F1-8C68-5AAB-41B8-CB1D193BD1D5}.Debug|Any CPU.Build.0 = Debug|Any CPU
		{D3B291F1-8C68-5AAB-41B8-CB1D193BD1D5}.Release|Any CPU.ActiveCfg = Release|Any CPU
		{D3B291F1-8C68-5AAB-41B8-CB1D193BD1D5}.Release|Any CPU.Build.0 = Release|Any CPU
		{F7BCA3DD-3793-4B71-9700-1DAA1A5112F6}.Debug|Any CPU.ActiveCfg = Debug|Any CPU
		{F7BCA3DD-3793-4B71-9700-1DAA1A5112F6}.Debug|Any CPU.Build.0 = Debug|Any CPU
		{F7BCA3DD-3793-4B71-9700-1DAA1A5112F6}.Release|Any CPU.ActiveCfg = Release|Any CPU
		{F7BCA3DD-3793-4B71-9700-1DAA1A5112F6}.Release|Any CPU.Build.0 = Release|Any CPU
		{A2BA4205-1607-58D2-5DF4-CEFA361DA15B}.Debug|Any CPU.ActiveCfg = Debug|Any CPU
		{A2BA4205-1607-58D2-5DF4-CEFA361DA15B}.Debug|Any CPU.Build.0 = Debug|Any CPU
		{A2BA4205-1607-58D2-5DF4-CEFA361DA15B}.Release|Any CPU.ActiveCfg = Release|Any CPU
		{A2BA4205-1607-58D2-5DF4-CEFA361DA15B}.Release|Any CPU.Build.0 = Release|Any CPU
		{3526256B-7C20-3100-E6FD-095BA957B616}.Debug|Any CPU.ActiveCfg = Debug|Any CPU
		{3526256B-7C20-3100-E6FD-095BA957B616}.Debug|Any CPU.Build.0 = Debug|Any CPU
		{3526256B-7C20-3100-E6FD-095BA957B616}.Release|Any CPU.ActiveCfg = Release|Any CPU
		{3526256B-7C20-3100-E6FD-095BA957B616}.Release|Any CPU.Build.0 = Release|Any CPU
		{977CAFF6-7351-94E1-A9AE-B3420C712027}.Debug|Any CPU.ActiveCfg = Debug|Any CPU
		{977CAFF6-7351-94E1-A9AE-B3420C712027}.Debug|Any CPU.Build.0 = Debug|Any CPU
		{977CAFF6-7351-94E1-A9AE-B3420C712027}.Release|Any CPU.ActiveCfg = Release|Any CPU
		{977CAFF6-7351-94E1-A9AE-B3420C712027}.Release|Any CPU.Build.0 = Release|Any CPU
		{397066A0-BCF0-37D0-8604-EF65E44DB596}.Debug|Any CPU.ActiveCfg = Debug|Any CPU
		{397066A0-BCF0-37D0-8604-EF65E44DB596}.Debug|Any CPU.Build.0 = Debug|Any CPU
		{397066A0-BCF0-37D0-8604-EF65E44DB596}.Release|Any CPU.ActiveCfg = Release|Any CPU
		{397066A0-BCF0-37D0-8604-EF65E44DB596}.Release|Any CPU.Build.0 = Release|Any CPU
		{5034D5E6-2E44-6F04-8492-83BFE4CD205E}.Debug|Any CPU.ActiveCfg = Debug|Any CPU
		{5034D5E6-2E44-6F04-8492-83BFE4CD205E}.Debug|Any CPU.Build.0 = Debug|Any CPU
		{5034D5E6-2E44-6F04-8492-83BFE4CD205E}.Release|Any CPU.ActiveCfg = Release|Any CPU
		{5034D5E6-2E44-6F04-8492-83BFE4CD205E}.Release|Any CPU.Build.0 = Release|Any CPU
		{AA74EF3F-3490-BEE0-CB40-E2A6FF4ED810}.Debug|Any CPU.ActiveCfg = Debug|Any CPU
		{AA74EF3F-3490-BEE0-CB40-E2A6FF4ED810}.Debug|Any CPU.Build.0 = Debug|Any CPU
		{AA74EF3F-3490-BEE0-CB40-E2A6FF4ED810}.Release|Any CPU.ActiveCfg = Release|Any CPU
		{AA74EF3F-3490-BEE0-CB40-E2A6FF4ED810}.Release|Any CPU.Build.0 = Release|Any CPU
		{46F14F6F-A54E-06A1-3908-78E0D47F9148}.Debug|Any CPU.ActiveCfg = Debug|Any CPU
		{46F14F6F-A54E-06A1-3908-78E0D47F9148}.Debug|Any CPU.Build.0 = Debug|Any CPU
		{46F14F6F-A54E-06A1-3908-78E0D47F9148}.Release|Any CPU.ActiveCfg = Release|Any CPU
		{46F14F6F-A54E-06A1-3908-78E0D47F9148}.Release|Any CPU.Build.0 = Release|Any CPU
		{7EC0DA71-42B0-07A8-6BC5-E7B994702902}.Debug|Any CPU.ActiveCfg = Debug|Any CPU
		{7EC0DA71-42B0-07A8-6BC5-E7B994702902}.Debug|Any CPU.Build.0 = Debug|Any CPU
		{7EC0DA71-42B0-07A8-6BC5-E7B994702902}.Release|Any CPU.ActiveCfg = Release|Any CPU
		{7EC0DA71-42B0-07A8-6BC5-E7B994702902}.Release|Any CPU.Build.0 = Release|Any CPU
		{BCA0E8C5-2DC7-B49A-A851-F6641E9E0530}.Debug|Any CPU.ActiveCfg = Debug|Any CPU
		{BCA0E8C5-2DC7-B49A-A851-F6641E9E0530}.Debug|Any CPU.Build.0 = Debug|Any CPU
		{BCA0E8C5-2DC7-B49A-A851-F6641E9E0530}.Release|Any CPU.ActiveCfg = Release|Any CPU
		{BCA0E8C5-2DC7-B49A-A851-F6641E9E0530}.Release|Any CPU.Build.0 = Release|Any CPU
		{65B225F2-99E9-D02D-5B65-5FC8634831BB}.Debug|Any CPU.ActiveCfg = Debug|Any CPU
		{65B225F2-99E9-D02D-5B65-5FC8634831BB}.Debug|Any CPU.Build.0 = Debug|Any CPU
		{65B225F2-99E9-D02D-5B65-5FC8634831BB}.Release|Any CPU.ActiveCfg = Release|Any CPU
		{65B225F2-99E9-D02D-5B65-5FC8634831BB}.Release|Any CPU.Build.0 = Release|Any CPU
		{95EF298C-A52E-273A-2BD1-EDD4BA1B57FE}.Debug|Any CPU.ActiveCfg = Debug|Any CPU
		{95EF298C-A52E-273A-2BD1-EDD4BA1B57FE}.Debug|Any CPU.Build.0 = Debug|Any CPU
		{95EF298C-A52E-273A-2BD1-EDD4BA1B57FE}.Release|Any CPU.ActiveCfg = Release|Any CPU
		{95EF298C-A52E-273A-2BD1-EDD4BA1B57FE}.Release|Any CPU.Build.0 = Release|Any CPU
	EndGlobalSection
	GlobalSection(SolutionProperties) = preSolution
		HideSolutionNode = FALSE
	EndGlobalSection
EndGlobal
